// !$*UTF8*$!
{
	archiveVersion = 1;
	classes = {
	};
	objectVersion = 56;
	objects = {

/* Begin PBXBuildFile section */
		911BB8D829BCD1A80017BE8E /* AppDelegate.swift in Sources */ = {isa = PBXBuildFile; fileRef = 911BB8D729BCD1A80017BE8E /* AppDelegate.swift */; };
		911BB8DA29BCD1A80017BE8E /* SceneDelegate.swift in Sources */ = {isa = PBXBuildFile; fileRef = 911BB8D929BCD1A80017BE8E /* SceneDelegate.swift */; };
		911BB8DC29BCD1A80017BE8E /* ViewController.swift in Sources */ = {isa = PBXBuildFile; fileRef = 911BB8DB29BCD1A80017BE8E /* ViewController.swift */; };
		911BB8E129BCD1AB0017BE8E /* Assets.xcassets in Resources */ = {isa = PBXBuildFile; fileRef = 911BB8E029BCD1AB0017BE8E /* Assets.xcassets */; };
		911BB8E429BCD1AB0017BE8E /* LaunchScreen.storyboard in Resources */ = {isa = PBXBuildFile; fileRef = 911BB8E229BCD1AB0017BE8E /* LaunchScreen.storyboard */; };
		911BB8F029BCE7D20017BE8E /* SnapKit in Frameworks */ = {isa = PBXBuildFile; productRef = 911BB8EF29BCE7D20017BE8E /* SnapKit */; };
		911BB8F329BCE8A20017BE8E /* CameraService.swift in Sources */ = {isa = PBXBuildFile; fileRef = 911BB8F229BCE8A20017BE8E /* CameraService.swift */; };
		911BB8F629BCFA030017BE8E /* ScannerWebView.swift in Sources */ = {isa = PBXBuildFile; fileRef = 911BB8F529BCFA030017BE8E /* ScannerWebView.swift */; };
		911BB8F929BDB9E60017BE8E /* ScannerModuleBuilder.swift in Sources */ = {isa = PBXBuildFile; fileRef = 911BB8F829BDB9E60017BE8E /* ScannerModuleBuilder.swift */; };
		911BB8FB29BDBB3D0017BE8E /* ScannerPresenter.swift in Sources */ = {isa = PBXBuildFile; fileRef = 911BB8FA29BDBB3D0017BE8E /* ScannerPresenter.swift */; };
/* End PBXBuildFile section */

/* Begin PBXFileReference section */
		911BB8D429BCD1A80017BE8E /* QRCodeScanner.app */ = {isa = PBXFileReference; explicitFileType = wrapper.application; includeInIndex = 0; path = QRCodeScanner.app; sourceTree = BUILT_PRODUCTS_DIR; };
		911BB8D729BCD1A80017BE8E /* AppDelegate.swift */ = {isa = PBXFileReference; lastKnownFileType = sourcecode.swift; path = AppDelegate.swift; sourceTree = "<group>"; };
		911BB8D929BCD1A80017BE8E /* SceneDelegate.swift */ = {isa = PBXFileReference; lastKnownFileType = sourcecode.swift; path = SceneDelegate.swift; sourceTree = "<group>"; };
		911BB8DB29BCD1A80017BE8E /* ViewController.swift */ = {isa = PBXFileReference; lastKnownFileType = sourcecode.swift; path = ViewController.swift; sourceTree = "<group>"; };
		911BB8E029BCD1AB0017BE8E /* Assets.xcassets */ = {isa = PBXFileReference; lastKnownFileType = folder.assetcatalog; path = Assets.xcassets; sourceTree = "<group>"; };
		911BB8E329BCD1AB0017BE8E /* Base */ = {isa = PBXFileReference; lastKnownFileType = file.storyboard; name = Base; path = Base.lproj/LaunchScreen.storyboard; sourceTree = "<group>"; };
		911BB8E529BCD1AB0017BE8E /* Info.plist */ = {isa = PBXFileReference; lastKnownFileType = text.plist.xml; path = Info.plist; sourceTree = "<group>"; };
		911BB8F229BCE8A20017BE8E /* CameraService.swift */ = {isa = PBXFileReference; lastKnownFileType = sourcecode.swift; path = CameraService.swift; sourceTree = "<group>"; };
		911BB8F529BCFA030017BE8E /* ScannerWebView.swift */ = {isa = PBXFileReference; lastKnownFileType = sourcecode.swift; path = ScannerWebView.swift; sourceTree = "<group>"; };
		911BB8F829BDB9E60017BE8E /* ScannerModuleBuilder.swift */ = {isa = PBXFileReference; lastKnownFileType = sourcecode.swift; path = ScannerModuleBuilder.swift; sourceTree = "<group>"; };
		911BB8FA29BDBB3D0017BE8E /* ScannerPresenter.swift */ = {isa = PBXFileReference; lastKnownFileType = sourcecode.swift; path = ScannerPresenter.swift; sourceTree = "<group>"; };
/* End PBXFileReference section */

/* Begin PBXFrameworksBuildPhase section */
		911BB8D129BCD1A80017BE8E /* Frameworks */ = {
			isa = PBXFrameworksBuildPhase;
			buildActionMask = 2147483647;
			files = (
				911BB8F029BCE7D20017BE8E /* SnapKit in Frameworks */,
			);
			runOnlyForDeploymentPostprocessing = 0;
		};
/* End PBXFrameworksBuildPhase section */

/* Begin PBXGroup section */
		911BB8CB29BCD1A70017BE8E = {
			isa = PBXGroup;
			children = (
				911BB8D629BCD1A80017BE8E /* QRCodeScanner */,
				911BB8D529BCD1A80017BE8E /* Products */,
			);
			sourceTree = "<group>";
		};
		911BB8D529BCD1A80017BE8E /* Products */ = {
			isa = PBXGroup;
			children = (
				911BB8D429BCD1A80017BE8E /* QRCodeScanner.app */,
			);
			name = Products;
			sourceTree = "<group>";
		};
		911BB8D629BCD1A80017BE8E /* QRCodeScanner */ = {
			isa = PBXGroup;
			children = (
				911BB8F729BDB9C70017BE8E /* ModuleBuilder */,
				911BB8ED29BCE4F10017BE8E /* App */,
				911BB8EC29BCE49D0017BE8E /* Sources */,
				911BB8EB29BCE4950017BE8E /* Resources */,
			);
			path = QRCodeScanner;
			sourceTree = "<group>";
		};
		911BB8EB29BCE4950017BE8E /* Resources */ = {
			isa = PBXGroup;
			children = (
				911BB8E029BCD1AB0017BE8E /* Assets.xcassets */,
				911BB8E229BCD1AB0017BE8E /* LaunchScreen.storyboard */,
				911BB8E529BCD1AB0017BE8E /* Info.plist */,
			);
			path = Resources;
			sourceTree = "<group>";
		};
		911BB8EC29BCE49D0017BE8E /* Sources */ = {
			isa = PBXGroup;
			children = (
				911BB8F429BCF9690017BE8E /* Modules */,
				911BB8F129BCE8320017BE8E /* Services */,
			);
			path = Sources;
			sourceTree = "<group>";
		};
		911BB8ED29BCE4F10017BE8E /* App */ = {
			isa = PBXGroup;
			children = (
				911BB8D729BCD1A80017BE8E /* AppDelegate.swift */,
				911BB8D929BCD1A80017BE8E /* SceneDelegate.swift */,
			);
			path = App;
			sourceTree = "<group>";
		};
		911BB8F129BCE8320017BE8E /* Services */ = {
			isa = PBXGroup;
			children = (
				911BB8F229BCE8A20017BE8E /* CameraService.swift */,
			);
			path = Services;
			sourceTree = "<group>";
		};
		911BB8F429BCF9690017BE8E /* Modules */ = {
			isa = PBXGroup;
			children = (
				911BB8F529BCFA030017BE8E /* ScannerWebView.swift */,
				911BB8DB29BCD1A80017BE8E /* ViewController.swift */,
				911BB8FA29BDBB3D0017BE8E /* ScannerPresenter.swift */,
			);
			path = Modules;
			sourceTree = "<group>";
		};
		911BB8F729BDB9C70017BE8E /* ModuleBuilder */ = {
			isa = PBXGroup;
			children = (
				911BB8F829BDB9E60017BE8E /* ScannerModuleBuilder.swift */,
			);
			path = ModuleBuilder;
			sourceTree = "<group>";
		};
/* End PBXGroup section */

/* Begin PBXNativeTarget section */
		911BB8D329BCD1A80017BE8E /* QRCodeScanner */ = {
			isa = PBXNativeTarget;
			buildConfigurationList = 911BB8E829BCD1AB0017BE8E /* Build configuration list for PBXNativeTarget "QRCodeScanner" */;
			buildPhases = (
				911BB8D029BCD1A80017BE8E /* Sources */,
				911BB8D129BCD1A80017BE8E /* Frameworks */,
				911BB8D229BCD1A80017BE8E /* Resources */,
			);
			buildRules = (
			);
			dependencies = (
			);
			name = QRCodeScanner;
			packageProductDependencies = (
				911BB8EF29BCE7D20017BE8E /* SnapKit */,
			);
			productName = QRCodeScanner;
			productReference = 911BB8D429BCD1A80017BE8E /* QRCodeScanner.app */;
			productType = "com.apple.product-type.application";
		};
/* End PBXNativeTarget section */

/* Begin PBXProject section */
		911BB8CC29BCD1A70017BE8E /* Project object */ = {
			isa = PBXProject;
			attributes = {
				BuildIndependentTargetsInParallel = 1;
				LastSwiftUpdateCheck = 1410;
				LastUpgradeCheck = 1410;
				TargetAttributes = {
					911BB8D329BCD1A80017BE8E = {
						CreatedOnToolsVersion = 14.1;
					};
				};
			};
			buildConfigurationList = 911BB8CF29BCD1A70017BE8E /* Build configuration list for PBXProject "QRCodeScanner" */;
			compatibilityVersion = "Xcode 14.0";
			developmentRegion = en;
			hasScannedForEncodings = 0;
			knownRegions = (
				en,
				Base,
			);
			mainGroup = 911BB8CB29BCD1A70017BE8E;
			packageReferences = (
				911BB8EE29BCE7D20017BE8E /* XCRemoteSwiftPackageReference "SnapKit" */,
			);
			productRefGroup = 911BB8D529BCD1A80017BE8E /* Products */;
			projectDirPath = "";
			projectRoot = "";
			targets = (
				911BB8D329BCD1A80017BE8E /* QRCodeScanner */,
			);
		};
/* End PBXProject section */

/* Begin PBXResourcesBuildPhase section */
		911BB8D229BCD1A80017BE8E /* Resources */ = {
			isa = PBXResourcesBuildPhase;
			buildActionMask = 2147483647;
			files = (
				911BB8E429BCD1AB0017BE8E /* LaunchScreen.storyboard in Resources */,
				911BB8E129BCD1AB0017BE8E /* Assets.xcassets in Resources */,
			);
			runOnlyForDeploymentPostprocessing = 0;
		};
/* End PBXResourcesBuildPhase section */

/* Begin PBXSourcesBuildPhase section */
		911BB8D029BCD1A80017BE8E /* Sources */ = {
			isa = PBXSourcesBuildPhase;
			buildActionMask = 2147483647;
			files = (
				911BB8F329BCE8A20017BE8E /* CameraService.swift in Sources */,
				911BB8DC29BCD1A80017BE8E /* ViewController.swift in Sources */,
				911BB8F929BDB9E60017BE8E /* ScannerModuleBuilder.swift in Sources */,
				911BB8D829BCD1A80017BE8E /* AppDelegate.swift in Sources */,
				911BB8DA29BCD1A80017BE8E /* SceneDelegate.swift in Sources */,
				911BB8F629BCFA030017BE8E /* ScannerWebView.swift in Sources */,
				911BB8FB29BDBB3D0017BE8E /* ScannerPresenter.swift in Sources */,
			);
			runOnlyForDeploymentPostprocessing = 0;
		};
/* End PBXSourcesBuildPhase section */

/* Begin PBXVariantGroup section */
		911BB8E229BCD1AB0017BE8E /* LaunchScreen.storyboard */ = {
			isa = PBXVariantGroup;
			children = (
				911BB8E329BCD1AB0017BE8E /* Base */,
			);
			name = LaunchScreen.storyboard;
			sourceTree = "<group>";
		};
/* End PBXVariantGroup section */

/* Begin XCBuildConfiguration section */
		911BB8E629BCD1AB0017BE8E /* Debug */ = {
			isa = XCBuildConfiguration;
			buildSettings = {
				ALWAYS_SEARCH_USER_PATHS = NO;
				CLANG_ANALYZER_NONNULL = YES;
				CLANG_ANALYZER_NUMBER_OBJECT_CONVERSION = YES_AGGRESSIVE;
				CLANG_CXX_LANGUAGE_STANDARD = "gnu++20";
				CLANG_ENABLE_MODULES = YES;
				CLANG_ENABLE_OBJC_ARC = YES;
				CLANG_ENABLE_OBJC_WEAK = YES;
				CLANG_WARN_BLOCK_CAPTURE_AUTORELEASING = YES;
				CLANG_WARN_BOOL_CONVERSION = YES;
				CLANG_WARN_COMMA = YES;
				CLANG_WARN_CONSTANT_CONVERSION = YES;
				CLANG_WARN_DEPRECATED_OBJC_IMPLEMENTATIONS = YES;
				CLANG_WARN_DIRECT_OBJC_ISA_USAGE = YES_ERROR;
				CLANG_WARN_DOCUMENTATION_COMMENTS = YES;
				CLANG_WARN_EMPTY_BODY = YES;
				CLANG_WARN_ENUM_CONVERSION = YES;
				CLANG_WARN_INFINITE_RECURSION = YES;
				CLANG_WARN_INT_CONVERSION = YES;
				CLANG_WARN_NON_LITERAL_NULL_CONVERSION = YES;
				CLANG_WARN_OBJC_IMPLICIT_RETAIN_SELF = YES;
				CLANG_WARN_OBJC_LITERAL_CONVERSION = YES;
				CLANG_WARN_OBJC_ROOT_CLASS = YES_ERROR;
				CLANG_WARN_QUOTED_INCLUDE_IN_FRAMEWORK_HEADER = YES;
				CLANG_WARN_RANGE_LOOP_ANALYSIS = YES;
				CLANG_WARN_STRICT_PROTOTYPES = YES;
				CLANG_WARN_SUSPICIOUS_MOVE = YES;
				CLANG_WARN_UNGUARDED_AVAILABILITY = YES_AGGRESSIVE;
				CLANG_WARN_UNREACHABLE_CODE = YES;
				CLANG_WARN__DUPLICATE_METHOD_MATCH = YES;
				COPY_PHASE_STRIP = NO;
				DEBUG_INFORMATION_FORMAT = dwarf;
				ENABLE_STRICT_OBJC_MSGSEND = YES;
				ENABLE_TESTABILITY = YES;
				GCC_C_LANGUAGE_STANDARD = gnu11;
				GCC_DYNAMIC_NO_PIC = NO;
				GCC_NO_COMMON_BLOCKS = YES;
				GCC_OPTIMIZATION_LEVEL = 0;
				GCC_PREPROCESSOR_DEFINITIONS = (
					"DEBUG=1",
					"$(inherited)",
				);
				GCC_WARN_64_TO_32_BIT_CONVERSION = YES;
				GCC_WARN_ABOUT_RETURN_TYPE = YES_ERROR;
				GCC_WARN_UNDECLARED_SELECTOR = YES;
				GCC_WARN_UNINITIALIZED_AUTOS = YES_AGGRESSIVE;
				GCC_WARN_UNUSED_FUNCTION = YES;
				GCC_WARN_UNUSED_VARIABLE = YES;
				IPHONEOS_DEPLOYMENT_TARGET = 16.1;
				MTL_ENABLE_DEBUG_INFO = INCLUDE_SOURCE;
				MTL_FAST_MATH = YES;
				ONLY_ACTIVE_ARCH = YES;
				SDKROOT = iphoneos;
				SWIFT_ACTIVE_COMPILATION_CONDITIONS = DEBUG;
				SWIFT_OPTIMIZATION_LEVEL = "-Onone";
			};
			name = Debug;
		};
		911BB8E729BCD1AB0017BE8E /* Release */ = {
			isa = XCBuildConfiguration;
			buildSettings = {
				ALWAYS_SEARCH_USER_PATHS = NO;
				CLANG_ANALYZER_NONNULL = YES;
				CLANG_ANALYZER_NUMBER_OBJECT_CONVERSION = YES_AGGRESSIVE;
				CLANG_CXX_LANGUAGE_STANDARD = "gnu++20";
				CLANG_ENABLE_MODULES = YES;
				CLANG_ENABLE_OBJC_ARC = YES;
				CLANG_ENABLE_OBJC_WEAK = YES;
				CLANG_WARN_BLOCK_CAPTURE_AUTORELEASING = YES;
				CLANG_WARN_BOOL_CONVERSION = YES;
				CLANG_WARN_COMMA = YES;
				CLANG_WARN_CONSTANT_CONVERSION = YES;
				CLANG_WARN_DEPRECATED_OBJC_IMPLEMENTATIONS = YES;
				CLANG_WARN_DIRECT_OBJC_ISA_USAGE = YES_ERROR;
				CLANG_WARN_DOCUMENTATION_COMMENTS = YES;
				CLANG_WARN_EMPTY_BODY = YES;
				CLANG_WARN_ENUM_CONVERSION = YES;
				CLANG_WARN_INFINITE_RECURSION = YES;
				CLANG_WARN_INT_CONVERSION = YES;
				CLANG_WARN_NON_LITERAL_NULL_CONVERSION = YES;
				CLANG_WARN_OBJC_IMPLICIT_RETAIN_SELF = YES;
				CLANG_WARN_OBJC_LITERAL_CONVERSION = YES;
				CLANG_WARN_OBJC_ROOT_CLASS = YES_ERROR;
				CLANG_WARN_QUOTED_INCLUDE_IN_FRAMEWORK_HEADER = YES;
				CLANG_WARN_RANGE_LOOP_ANALYSIS = YES;
				CLANG_WARN_STRICT_PROTOTYPES = YES;
				CLANG_WARN_SUSPICIOUS_MOVE = YES;
				CLANG_WARN_UNGUARDED_AVAILABILITY = YES_AGGRESSIVE;
				CLANG_WARN_UNREACHABLE_CODE = YES;
				CLANG_WARN__DUPLICATE_METHOD_MATCH = YES;
				COPY_PHASE_STRIP = NO;
				DEBUG_INFORMATION_FORMAT = "dwarf-with-dsym";
				ENABLE_NS_ASSERTIONS = NO;
				ENABLE_STRICT_OBJC_MSGSEND = YES;
				GCC_C_LANGUAGE_STANDARD = gnu11;
				GCC_NO_COMMON_BLOCKS = YES;
				GCC_WARN_64_TO_32_BIT_CONVERSION = YES;
				GCC_WARN_ABOUT_RETURN_TYPE = YES_ERROR;
				GCC_WARN_UNDECLARED_SELECTOR = YES;
				GCC_WARN_UNINITIALIZED_AUTOS = YES_AGGRESSIVE;
				GCC_WARN_UNUSED_FUNCTION = YES;
				GCC_WARN_UNUSED_VARIABLE = YES;
				IPHONEOS_DEPLOYMENT_TARGET = 16.1;
				MTL_ENABLE_DEBUG_INFO = NO;
				MTL_FAST_MATH = YES;
				SDKROOT = iphoneos;
				SWIFT_COMPILATION_MODE = wholemodule;
				SWIFT_OPTIMIZATION_LEVEL = "-O";
				VALIDATE_PRODUCT = YES;
			};
			name = Release;
		};
		911BB8E929BCD1AB0017BE8E /* Debug */ = {
			isa = XCBuildConfiguration;
			buildSettings = {
				ASSETCATALOG_COMPILER_APPICON_NAME = AppIcon;
				ASSETCATALOG_COMPILER_GLOBAL_ACCENT_COLOR_NAME = AccentColor;
				CODE_SIGN_STYLE = Automatic;
				CURRENT_PROJECT_VERSION = 1;
				DEVELOPMENT_TEAM = 66ZXKDA6XW;
				GENERATE_INFOPLIST_FILE = YES;
				INFOPLIST_FILE = QRCodeScanner/Resources/Info.plist;
				INFOPLIST_KEY_UIApplicationSupportsIndirectInputEvents = YES;
				INFOPLIST_KEY_UILaunchStoryboardName = LaunchScreen;
				INFOPLIST_KEY_UISupportedInterfaceOrientations_iPad = "UIInterfaceOrientationPortrait UIInterfaceOrientationPortraitUpsideDown UIInterfaceOrientationLandscapeLeft UIInterfaceOrientationLandscapeRight";
				INFOPLIST_KEY_UISupportedInterfaceOrientations_iPhone = "UIInterfaceOrientationPortrait UIInterfaceOrientationLandscapeLeft UIInterfaceOrientationLandscapeRight";
				LD_RUNPATH_SEARCH_PATHS = (
					"$(inherited)",
					"@executable_path/Frameworks",
				);
				MARKETING_VERSION = 1.0;
				PRODUCT_BUNDLE_IDENTIFIER = LA.my.QRCodeScanner;
				PRODUCT_NAME = "$(TARGET_NAME)";
				SWIFT_EMIT_LOC_STRINGS = YES;
				SWIFT_VERSION = 5.0;
				TARGETED_DEVICE_FAMILY = "1,2";
			};
			name = Debug;
		};
		911BB8EA29BCD1AB0017BE8E /* Release */ = {
			isa = XCBuildConfiguration;
			buildSettings = {
				ASSETCATALOG_COMPILER_APPICON_NAME = AppIcon;
				ASSETCATALOG_COMPILER_GLOBAL_ACCENT_COLOR_NAME = AccentColor;
				CODE_SIGN_STYLE = Automatic;
				CURRENT_PROJECT_VERSION = 1;
				DEVELOPMENT_TEAM = 66ZXKDA6XW;
				GENERATE_INFOPLIST_FILE = YES;
				INFOPLIST_FILE = QRCodeScanner/Resources/Info.plist;
				INFOPLIST_KEY_UIApplicationSupportsIndirectInputEvents = YES;
				INFOPLIST_KEY_UILaunchStoryboardName = LaunchScreen;
				INFOPLIST_KEY_UISupportedInterfaceOrientations_iPad = "UIInterfaceOrientationPortrait UIInterfaceOrientationPortraitUpsideDown UIInterfaceOrientationLandscapeLeft UIInterfaceOrientationLandscapeRight";
				INFOPLIST_KEY_UISupportedInterfaceOrientations_iPhone = "UIInterfaceOrientationPortrait UIInterfaceOrientationLandscapeLeft UIInterfaceOrientationLandscapeRight";
				LD_RUNPATH_SEARCH_PATHS = (
					"$(inherited)",
					"@executable_path/Frameworks",
				);
				MARKETING_VERSION = 1.0;
				PRODUCT_BUNDLE_IDENTIFIER = LA.my.QRCodeScanner;
				PRODUCT_NAME = "$(TARGET_NAME)";
				SWIFT_EMIT_LOC_STRINGS = YES;
				SWIFT_VERSION = 5.0;
				TARGETED_DEVICE_FAMILY = "1,2";
			};
			name = Release;
		};
/* End XCBuildConfiguration section */

/* Begin XCConfigurationList section */
		911BB8CF29BCD1A70017BE8E /* Build configuration list for PBXProject "QRCodeScanner" */ = {
			isa = XCConfigurationList;
			buildConfigurations = (
				911BB8E629BCD1AB0017BE8E /* Debug */,
				911BB8E729BCD1AB0017BE8E /* Release */,
			);
			defaultConfigurationIsVisible = 0;
			defaultConfigurationName = Release;
		};
		911BB8E829BCD1AB0017BE8E /* Build configuration list for PBXNativeTarget "QRCodeScanner" */ = {
			isa = XCConfigurationList;
			buildConfigurations = (
				911BB8E929BCD1AB0017BE8E /* Debug */,
				911BB8EA29BCD1AB0017BE8E /* Release */,
			);
			defaultConfigurationIsVisible = 0;
			defaultConfigurationName = Release;
		};
/* End XCConfigurationList section */

/* Begin XCRemoteSwiftPackageReference section */
		911BB8EE29BCE7D20017BE8E /* XCRemoteSwiftPackageReference "SnapKit" */ = {
			isa = XCRemoteSwiftPackageReference;
			repositoryURL = "https://github.com/SnapKit/SnapKit.git";
			requirement = {
				branch = develop;
				kind = branch;
			};
		};
/* End XCRemoteSwiftPackageReference section */

/* Begin XCSwiftPackageProductDependency section */
		911BB8EF29BCE7D20017BE8E /* SnapKit */ = {
			isa = XCSwiftPackageProductDependency;
			package = 911BB8EE29BCE7D20017BE8E /* XCRemoteSwiftPackageReference "SnapKit" */;
			productName = SnapKit;
		};
/* End XCSwiftPackageProductDependency section */
	};
	rootObject = 911BB8CC29BCD1A70017BE8E /* Project object */;
}
